
Microsoft Visual Studio Solution File, Format Version 12.00
# Visual Studio Version 17
VisualStudioVersion = 17.8.34511.84
MinimumVisualStudioVersion = 10.0.40219.1
Project("{8BC9CEB8-8B4A-11D0-8D11-00A0C91BC942}") = "task107", "task107.vcxproj", "{7CE35CE3-B4A1-43E8-BA62-9FEC2E4173C2}"
EndProject
Global
	GlobalSection(SolutionConfigurationPlatforms) = preSolution
		Debug|x64 = Debug|x64
		Debug|x86 = Debug|x86
		Release|x64 = Release|x64
		Release|x86 = Release|x86
	EndGlobalSection
	GlobalSection(ProjectConfigurationPlatforms) = postSolution
		{7CE35CE3-B4A1-43E8-BA62-9FEC2E4173C2}.Debug|x64.ActiveCfg = Debug|x64
		{7CE35CE3-B4A1-43E8-BA62-9FEC2E4173C2}.Debug|x64.Build.0 = Debug|x64
		{7CE35CE3-B4A1-43E8-BA62-9FEC2E4173C2}.Debug|x86.ActiveCfg = Debug|Win32
		{7CE35CE3-B4A1-43E8-BA62-9FEC2E4173C2}.Debug|x86.Build.0 = Debug|Win32
		{7CE35CE3-B4A1-43E8-BA62-9FEC2E4173C2}.Release|x64.ActiveCfg = Release|x64
		{7CE35CE3-B4A1-43E8-BA62-9FEC2E4173C2}.Release|x64.Build.0 = Release|x64
		{7CE35CE3-B4A1-43E8-BA62-9FEC2E4173C2}.Release|x86.ActiveCfg = Release|Win32
		{7CE35CE3-B4A1-43E8-BA62-9FEC2E4173C2}.Release|x86.Build.0 = Release|Win32
	EndGlobalSection
	GlobalSection(SolutionProperties) = preSolution
		HideSolutionNode = FALSE
	EndGlobalSection
	GlobalSection(ExtensibilityGlobals) = postSolution
		SolutionGuid = {7F43D3AC-9C06-45EE-BA17-A38D966069F4}
	EndGlobalSection
EndGlobal
